
Microsoft Visual Studio Solution File, Format Version 12.00
# Visual Studio Version 16
VisualStudioVersion = 16.0.32228.343
MinimumVisualStudioVersion = 10.0.40219.1
Project("{E24C65DC-7377-472B-9ABA-BC803B73C61A}") = "FranklinMarshall", "FranklinMarshall", "{394E4963-A10D-4FE0-AA19-5087EC895BFA}"
	ProjectSection(WebsiteProperties) = preProject
		TargetFrameworkMoniker = ".NETFramework,Version%3Dv4.5.2"
		Debug.AspNetCompiler.VirtualPath = "/localhost_50071"
		Debug.AspNetCompiler.PhysicalPath = "FranklinMarshall\"
		Debug.AspNetCompiler.TargetPath = "PrecompiledWeb\localhost_50071\"
		Debug.AspNetCompiler.Updateable = "true"
		Debug.AspNetCompiler.ForceOverwrite = "true"
		Debug.AspNetCompiler.FixedNames = "false"
		Debug.AspNetCompiler.Debug = "True"
		Release.AspNetCompiler.VirtualPath = "/localhost_50071"
		Release.AspNetCompiler.PhysicalPath = "FranklinMarshall\"
		Release.AspNetCompiler.TargetPath = "PrecompiledWeb\localhost_50071\"
		Release.AspNetCompiler.Updateable = "true"
		Release.AspNetCompiler.ForceOverwrite = "true"
		Release.AspNetCompiler.FixedNames = "false"
		Release.AspNetCompiler.Debug = "False"
		VWDPort = "50071"
		SlnRelativePath = "FranklinMarshall\"
	EndProjectSection
EndProject
Global
	GlobalSection(SolutionConfigurationPlatforms) = preSolution
		Debug|Any CPU = Debug|Any CPU
	EndGlobalSection
	GlobalSection(ProjectConfigurationPlatforms) = postSolution
		{394E4963-A10D-4FE0-AA19-5087EC895BFA}.Debug|Any CPU.ActiveCfg = Debug|Any CPU
		{394E4963-A10D-4FE0-AA19-5087EC895BFA}.Debug|Any CPU.Build.0 = Debug|Any CPU
	EndGlobalSection
	GlobalSection(SolutionProperties) = preSolution
		HideSolutionNode = FALSE
	EndGlobalSection
	GlobalSection(ExtensibilityGlobals) = postSolution
		SolutionGuid = {08601BA0-118F-4E76-9D5F-14AF6DDA1399}
	EndGlobalSection
EndGlobal
